// !$*UTF8*$!
{
	archiveVersion = 1;
	classes = {};
	objectVersion = 56;
	objects = {

/* Begin PBXBuildFile section */
		A10000000000000000000001 /* SwiftwingNASApp.swift in iOS Sources */ = {isa = PBXBuildFile; fileRef = A20000000000000000000001 /* SwiftwingNASApp.swift */; };
		A10000000000000000000002 /* ContentView.swift in iOS Sources */ = {isa = PBXBuildFile; fileRef = A20000000000000000000002 /* ContentView.swift */; };
		A10000000000000000000003 /* NASBrowser.swift in iOS Sources */ = {isa = PBXBuildFile; fileRef = A20000000000000000000003 /* NASBrowser.swift */; };
		A10000000000000000000004 /* iOS Assets in Resources */ = {isa = PBXBuildFile; fileRef = A20000000000000000000006 /* Assets-iOS.xcassets */; };
		A10000000000000000000005 /* SwiftwingNASApp.swift in macOS Sources */ = {isa = PBXBuildFile; fileRef = A20000000000000000000001 /* SwiftwingNASApp.swift */; };
		A10000000000000000000006 /* ContentView.swift in macOS Sources */ = {isa = PBXBuildFile; fileRef = A20000000000000000000002 /* ContentView.swift */; };
		A10000000000000000000007 /* NASBrowser.swift in macOS Sources */ = {isa = PBXBuildFile; fileRef = A20000000000000000000003 /* NASBrowser.swift */; };
		A10000000000000000000008 /* macOS Assets in Resources */ = {isa = PBXBuildFile; fileRef = A20000000000000000000007 /* Assets-macOS.xcassets */; };
/* End PBXBuildFile section */

/* Begin PBXFileReference section */
		A20000000000000000000001 /* SwiftwingNASApp.swift */ = {isa = PBXFileReference; lastKnownFileType = sourcecode.swift; path = SwiftwingNASApp.swift; sourceTree = "<group>"; };
		A20000000000000000000002 /* ContentView.swift */ = {isa = PBXFileReference; lastKnownFileType = sourcecode.swift; path = ContentView.swift; sourceTree = "<group>"; };
		A20000000000000000000003 /* NASBrowser.swift */ = {isa = PBXFileReference; lastKnownFileType = sourcecode.swift; path = NASBrowser.swift; sourceTree = "<group>"; };
		A20000000000000000000004 /* Info-iOS.plist */ = {isa = PBXFileReference; lastKnownFileType = text.plist.xml; path = "Info-iOS.plist"; sourceTree = "<group>"; };
		A20000000000000000000005 /* Info-macOS.plist */ = {isa = PBXFileReference; lastKnownFileType = text.plist.xml; path = "Info-macOS.plist"; sourceTree = "<group>"; };
		A20000000000000000000006 /* Assets-iOS.xcassets */ = {isa = PBXFileReference; lastKnownFileType = folder.assetcatalog; path = "Assets-iOS.xcassets"; sourceTree = "<group>"; };
		A20000000000000000000007 /* Assets-macOS.xcassets */ = {isa = PBXFileReference; lastKnownFileType = folder.assetcatalog; path = "Assets-macOS.xcassets"; sourceTree = "<group>"; };
		A20000000000000000000008 /* iOS app */ = {isa = PBXFileReference; explicitFileType = wrapper.application; includeInIndex = 0; path = "Swiftwing NAS.app"; sourceTree = BUILT_PRODUCTS_DIR; };
		A20000000000000000000009 /* macOS app */ = {isa = PBXFileReference; explicitFileType = wrapper.application; includeInIndex = 0; path = "Swiftwing NAS.app"; sourceTree = BUILT_PRODUCTS_DIR; };
/* End PBXFileReference section */

/* Begin PBXFrameworksBuildPhase section */
		A30000000000000000000001 /* iOS Frameworks */ = {isa = PBXFrameworksBuildPhase; buildActionMask = 2147483647; files = (); runOnlyForDeploymentPostprocessing = 0; };
		A30000000000000000000002 /* macOS Frameworks */ = {isa = PBXFrameworksBuildPhase; buildActionMask = 2147483647; files = (); runOnlyForDeploymentPostprocessing = 0; };
/* End PBXFrameworksBuildPhase section */

/* Begin PBXGroup section */
		A40000000000000000000001 = {isa = PBXGroup; children = (A40000000000000000000002 /* SwiftwingNAS */, A40000000000000000000003 /* Products */); sourceTree = "<group>"; };
		A40000000000000000000002 /* SwiftwingNAS */ = {isa = PBXGroup; children = (A20000000000000000000001 /* SwiftwingNASApp.swift */, A20000000000000000000002 /* ContentView.swift */, A20000000000000000000003 /* NASBrowser.swift */, A20000000000000000000004 /* Info-iOS.plist */, A20000000000000000000005 /* Info-macOS.plist */, A20000000000000000000006 /* Assets-iOS.xcassets */, A20000000000000000000007 /* Assets-macOS.xcassets */); path = SwiftwingNAS; sourceTree = "<group>"; };
		A40000000000000000000003 /* Products */ = {isa = PBXGroup; children = (A20000000000000000000008 /* iOS app */, A20000000000000000000009 /* macOS app */); name = Products; sourceTree = "<group>"; };
/* End PBXGroup section */

/* Begin PBXNativeTarget section */
		A50000000000000000000001 /* Swiftwing NAS iOS */ = {isa = PBXNativeTarget; buildConfigurationList = A80000000000000000000002 /* Build configuration list for PBXNativeTarget "Swiftwing NAS iOS" */; buildPhases = (A30000000000000000000003 /* iOS Sources */, A30000000000000000000001 /* iOS Frameworks */, A30000000000000000000005 /* iOS Resources */); buildRules = (); dependencies = (); name = "Swiftwing NAS iOS"; productName = "Swiftwing NAS"; productReference = A20000000000000000000008 /* iOS app */; productType = "com.apple.product-type.application"; };
		A50000000000000000000002 /* Swiftwing NAS macOS */ = {isa = PBXNativeTarget; buildConfigurationList = A80000000000000000000003 /* Build configuration list for PBXNativeTarget "Swiftwing NAS macOS" */; buildPhases = (A30000000000000000000004 /* macOS Sources */, A30000000000000000000002 /* macOS Frameworks */, A30000000000000000000006 /* macOS Resources */); buildRules = (); dependencies = (); name = "Swiftwing NAS macOS"; productName = "Swiftwing NAS"; productReference = A20000000000000000000009 /* macOS app */; productType = "com.apple.product-type.application"; };
/* End PBXNativeTarget section */

/* Begin PBXProject section */
		A60000000000000000000001 /* Project object */ = {isa = PBXProject; attributes = {BuildIndependentTargetsInParallel = YES; LastUpgradeCheck = 1500; TargetAttributes = {A50000000000000000000001 = {CreatedOnToolsVersion = 15.0; }; A50000000000000000000002 = {CreatedOnToolsVersion = 15.0; }; }; }; buildConfigurationList = A80000000000000000000001 /* Build configuration list for PBXProject "SwiftwingNAS" */; compatibilityVersion = "Xcode 14.0"; developmentRegion = en; hasScannedForEncodings = 0; knownRegions = (en, Base); mainGroup = A40000000000000000000001; productRefGroup = A40000000000000000000003 /* Products */; projectDirPath = ""; projectRoot = ""; targets = (A50000000000000000000001 /* Swiftwing NAS iOS */, A50000000000000000000002 /* Swiftwing NAS macOS */); };
/* End PBXProject section */

/* Begin PBXResourcesBuildPhase section */
		A30000000000000000000005 /* iOS Resources */ = {isa = PBXResourcesBuildPhase; buildActionMask = 2147483647; files = (A10000000000000000000004 /* iOS Assets in Resources */); runOnlyForDeploymentPostprocessing = 0; };
		A30000000000000000000006 /* macOS Resources */ = {isa = PBXResourcesBuildPhase; buildActionMask = 2147483647; files = (A10000000000000000000008 /* macOS Assets in Resources */); runOnlyForDeploymentPostprocessing = 0; };
/* End PBXResourcesBuildPhase section */

/* Begin PBXSourcesBuildPhase section */
		A30000000000000000000003 /* iOS Sources */ = {isa = PBXSourcesBuildPhase; buildActionMask = 2147483647; files = (A10000000000000000000001 /* SwiftwingNASApp.swift in iOS Sources */, A10000000000000000000002 /* ContentView.swift in iOS Sources */, A10000000000000000000003 /* NASBrowser.swift in iOS Sources */); runOnlyForDeploymentPostprocessing = 0; };
		A30000000000000000000004 /* macOS Sources */ = {isa = PBXSourcesBuildPhase; buildActionMask = 2147483647; files = (A10000000000000000000005 /* SwiftwingNASApp.swift in macOS Sources */, A10000000000000000000006 /* ContentView.swift in macOS Sources */, A10000000000000000000007 /* NASBrowser.swift in macOS Sources */); runOnlyForDeploymentPostprocessing = 0; };
/* End PBXSourcesBuildPhase section */

/* Begin XCBuildConfiguration section */
		A70000000000000000000001 /* Debug */ = {isa = XCBuildConfiguration; buildSettings = {ALWAYS_SEARCH_USER_PATHS = NO; CLANG_ENABLE_MODULES = YES; COPY_PHASE_STRIP = NO; DEBUG_INFORMATION_FORMAT = dwarf; ENABLE_TESTABILITY = YES; GCC_OPTIMIZATION_LEVEL = 0; SWIFT_OPTIMIZATION_LEVEL = "-Onone"; }; name = Debug; };
		A70000000000000000000002 /* Release */ = {isa = XCBuildConfiguration; buildSettings = {ALWAYS_SEARCH_USER_PATHS = NO; CLANG_ENABLE_MODULES = YES; COPY_PHASE_STRIP = YES; DEBUG_INFORMATION_FORMAT = "dwarf-with-dsym"; SWIFT_COMPILATION_MODE = wholemodule; SWIFT_OPTIMIZATION_LEVEL = "-O"; VALIDATE_PRODUCT = YES; }; name = Release; };
		A70000000000000000000003 /* iOS Debug */ = {isa = XCBuildConfiguration; buildSettings = {ASSETCATALOG_COMPILER_APPICON_NAME = AppIcon; CODE_SIGN_STYLE = Automatic; CURRENT_PROJECT_VERSION = 1; GENERATE_INFOPLIST_FILE = NO; INFOPLIST_FILE = "SwiftwingNAS/Info-iOS.plist"; IPHONEOS_DEPLOYMENT_TARGET = 16.0; MARKETING_VERSION = 1.0; PRODUCT_BUNDLE_IDENTIFIER = com.swiftwing.nas.ios; PRODUCT_NAME = "Swiftwing NAS"; SDKROOT = iphoneos; SUPPORTED_PLATFORMS = "iphoneos iphonesimulator"; SWIFT_VERSION = 5.0; TARGETED_DEVICE_FAMILY = "1,2"; }; name = Debug; };
		A70000000000000000000004 /* iOS Release */ = {isa = XCBuildConfiguration; buildSettings = {ASSETCATALOG_COMPILER_APPICON_NAME = AppIcon; CODE_SIGN_STYLE = Automatic; CURRENT_PROJECT_VERSION = 1; GENERATE_INFOPLIST_FILE = NO; INFOPLIST_FILE = "SwiftwingNAS/Info-iOS.plist"; IPHONEOS_DEPLOYMENT_TARGET = 16.0; MARKETING_VERSION = 1.0; PRODUCT_BUNDLE_IDENTIFIER = com.swiftwing.nas.ios; PRODUCT_NAME = "Swiftwing NAS"; SDKROOT = iphoneos; SUPPORTED_PLATFORMS = "iphoneos iphonesimulator"; SWIFT_VERSION = 5.0; TARGETED_DEVICE_FAMILY = "1,2"; }; name = Release; };
		A70000000000000000000005 /* macOS Debug */ = {isa = XCBuildConfiguration; buildSettings = {ASSETCATALOG_COMPILER_APPICON_NAME = AppIcon; CODE_SIGN_STYLE = Automatic; CURRENT_PROJECT_VERSION = 1; ENABLE_APP_SANDBOX = NO; GENERATE_INFOPLIST_FILE = NO; INFOPLIST_FILE = "SwiftwingNAS/Info-macOS.plist"; MACOSX_DEPLOYMENT_TARGET = 13.0; MARKETING_VERSION = 1.0; PRODUCT_BUNDLE_IDENTIFIER = com.swiftwing.nas.macos; PRODUCT_NAME = "Swiftwing NAS"; SDKROOT = macosx; SUPPORTED_PLATFORMS = macosx; SWIFT_VERSION = 5.0; }; name = Debug; };
		A70000000000000000000006 /* macOS Release */ = {isa = XCBuildConfiguration; buildSettings = {ASSETCATALOG_COMPILER_APPICON_NAME = AppIcon; CODE_SIGN_STYLE = Automatic; CURRENT_PROJECT_VERSION = 1; ENABLE_APP_SANDBOX = NO; GENERATE_INFOPLIST_FILE = NO; INFOPLIST_FILE = "SwiftwingNAS/Info-macOS.plist"; MACOSX_DEPLOYMENT_TARGET = 13.0; MARKETING_VERSION = 1.0; PRODUCT_BUNDLE_IDENTIFIER = com.swiftwing.nas.macos; PRODUCT_NAME = "Swiftwing NAS"; SDKROOT = macosx; SUPPORTED_PLATFORMS = macosx; SWIFT_VERSION = 5.0; }; name = Release; };
/* End XCBuildConfiguration section */

/* Begin XCConfigurationList section */
		A80000000000000000000001 /* Build configuration list for PBXProject "SwiftwingNAS" */ = {isa = XCConfigurationList; buildConfigurations = (A70000000000000000000001 /* Debug */, A70000000000000000000002 /* Release */); defaultConfigurationIsVisible = 0; defaultConfigurationName = Release; };
		A80000000000000000000002 /* Build configuration list for PBXNativeTarget "Swiftwing NAS iOS" */ = {isa = XCConfigurationList; buildConfigurations = (A70000000000000000000003 /* iOS Debug */, A70000000000000000000004 /* iOS Release */); defaultConfigurationIsVisible = 0; defaultConfigurationName = Release; };
		A80000000000000000000003 /* Build configuration list for PBXNativeTarget "Swiftwing NAS macOS" */ = {isa = XCConfigurationList; buildConfigurations = (A70000000000000000000005 /* macOS Debug */, A70000000000000000000006 /* macOS Release */); defaultConfigurationIsVisible = 0; defaultConfigurationName = Release; };
/* End XCConfigurationList section */
	};
	rootObject = A60000000000000000000001 /* Project object */;
}
